
Microsoft Visual Studio Solution File, Format Version 12.00
Project("{FAE04EC0-301F-11D3-BF4B-00C04F79EFBC}") = "Actividad 1", " Actividad 1 \Actividad 1.csproj", "{87AC350F-DA60-465C-B0EA-1DCB1B12A00A}"
EndProject
Global
	GlobalSection(SolutionConfigurationPlatforms) = preSolution
		Debug|Any CPU = Debug|Any CPU
		Release|Any CPU = Release|Any CPU
	EndGlobalSection
	GlobalSection(ProjectConfigurationPlatforms) = postSolution
		{87AC350F-DA60-465C-B0EA-1DCB1B12A00A}.Debug|Any CPU.ActiveCfg = Debug|Any CPU
		{87AC350F-DA60-465C-B0EA-1DCB1B12A00A}.Debug|Any CPU.Build.0 = Debug|Any CPU
		{87AC350F-DA60-465C-B0EA-1DCB1B12A00A}.Release|Any CPU.ActiveCfg = Release|Any CPU
		{87AC350F-DA60-465C-B0EA-1DCB1B12A00A}.Release|Any CPU.Build.0 = Release|Any CPU
	EndGlobalSection
EndGlobal
